
Microsoft Visual Studio Solution File, Format Version 12.00
# Visual Studio Version 17
VisualStudioVersion = 17.14.36616.10 d17.14
MinimumVisualStudioVersion = 10.0.40219.1
Project("{FAE04EC0-301F-11D3-BF4B-00C04F79EFBC}") = "QuanLyCaPhe", "QuanLyCaPhe\QuanLyCaPhe.csproj", "{B56636A9-5BB8-4E3C-94D1-820E2F4ECBEB}"
EndProject
Global
	GlobalSection(SolutionConfigurationPlatforms) = preSolution
		Debug|Any CPU = Debug|Any CPU
		Release|Any CPU = Release|Any CPU
	EndGlobalSection
	GlobalSection(ProjectConfigurationPlatforms) = postSolution
		{B56636A9-5BB8-4E3C-94D1-820E2F4ECBEB}.Debug|Any CPU.ActiveCfg = Debug|Any CPU
		{B56636A9-5BB8-4E3C-94D1-820E2F4ECBEB}.Debug|Any CPU.Build.0 = Debug|Any CPU
		{B56636A9-5BB8-4E3C-94D1-820E2F4ECBEB}.Release|Any CPU.ActiveCfg = Release|Any CPU
		{B56636A9-5BB8-4E3C-94D1-820E2F4ECBEB}.Release|Any CPU.Build.0 = Release|Any CPU
	EndGlobalSection
	GlobalSection(SolutionProperties) = preSolution
		HideSolutionNode = FALSE
	EndGlobalSection
	GlobalSection(ExtensibilityGlobals) = postSolution
		SolutionGuid = {3ACEEA13-D472-41B7-8E86-0F26304CA33F}
	EndGlobalSection
EndGlobal
